
Microsoft Visual Studio Solution File, Format Version 12.00
# Visual Studio 2013
VisualStudioVersion = 12.0.31101.0
MinimumVisualStudioVersion = 10.0.40219.1
Project("{FAE04EC0-301F-11D3-BF4B-00C04F79EFBC}") = "HQMFileConverter", "HQMFileConverter\HQMFileConverter.csproj", "{0B054D29-E836-42B6-A184-E6B77E79054D}"
EndProject
Project("{FAE04EC0-301F-11D3-BF4B-00C04F79EFBC}") = "QuestEditor", "QuestEditor\QuestEditor.csproj", "{8ED9BEA5-205A-462F-AE94-C35F955E4A79}"
EndProject
Project("{2150E333-8FDC-42A3-9474-1A3956D46DE8}") = ".nuget", ".nuget", "{23E97C6B-3CD7-4C6D-B35A-F3CCDEAF8744}"
	ProjectSection(SolutionItems) = preProject
		.nuget\NuGet.Config = .nuget\NuGet.Config
		.nuget\NuGet.exe = .nuget\NuGet.exe
		.nuget\NuGet.targets = .nuget\NuGet.targets
	EndProjectSection
EndProject
Global
	GlobalSection(SolutionConfigurationPlatforms) = preSolution
		Debug|Any CPU = Debug|Any CPU
		Release|Any CPU = Release|Any CPU
	EndGlobalSection
	GlobalSection(ProjectConfigurationPlatforms) = postSolution
		{0B054D29-E836-42B6-A184-E6B77E79054D}.Debug|Any CPU.ActiveCfg = Debug|Any CPU
		{0B054D29-E836-42B6-A184-E6B77E79054D}.Debug|Any CPU.Build.0 = Debug|Any CPU
		{0B054D29-E836-42B6-A184-E6B77E79054D}.Release|Any CPU.ActiveCfg = Release|Any CPU
		{0B054D29-E836-42B6-A184-E6B77E79054D}.Release|Any CPU.Build.0 = Release|Any CPU
		{8ED9BEA5-205A-462F-AE94-C35F955E4A79}.Debug|Any CPU.ActiveCfg = Debug|Any CPU
		{8ED9BEA5-205A-462F-AE94-C35F955E4A79}.Debug|Any CPU.Build.0 = Debug|Any CPU
		{8ED9BEA5-205A-462F-AE94-C35F955E4A79}.Release|Any CPU.ActiveCfg = Release|Any CPU
		{8ED9BEA5-205A-462F-AE94-C35F955E4A79}.Release|Any CPU.Build.0 = Release|Any CPU
	EndGlobalSection
	GlobalSection(SolutionProperties) = preSolution
		HideSolutionNode = FALSE
	EndGlobalSection
EndGlobal
